// !$*UTF8*$!
{
	archiveVersion = 1;
	classes = {
	};
	objectVersion = 50;
	objects = {

/* Begin PBXBuildFile section */
		2C5EF3642545E197009F99D4 /* AppDelegate.swift in Sources */ = {isa = PBXBuildFile; fileRef = 2C5EF3632545E197009F99D4 /* AppDelegate.swift */; };
		2C5EF3662545E197009F99D4 /* SceneDelegate.swift in Sources */ = {isa = PBXBuildFile; fileRef = 2C5EF3652545E197009F99D4 /* SceneDelegate.swift */; };
		2C5EF3682545E197009F99D4 /* RedViewController.swift in Sources */ = {isa = PBXBuildFile; fileRef = 2C5EF3672545E197009F99D4 /* RedViewController.swift */; };
		2C5EF36B2545E197009F99D4 /* Main.storyboard in Resources */ = {isa = PBXBuildFile; fileRef = 2C5EF3692545E197009F99D4 /* Main.storyboard */; };
		2C5EF36D2545E19E009F99D4 /* Assets.xcassets in Resources */ = {isa = PBXBuildFile; fileRef = 2C5EF36C2545E19E009F99D4 /* Assets.xcassets */; };
		2C5EF3702545E19E009F99D4 /* LaunchScreen.storyboard in Resources */ = {isa = PBXBuildFile; fileRef = 2C5EF36E2545E19E009F99D4 /* LaunchScreen.storyboard */; };
		2C648B78254712CE002716BD /* OrangeViewController.swift in Sources */ = {isa = PBXBuildFile; fileRef = 2C648B77254712CE002716BD /* OrangeViewController.swift */; };
		2C648B7A25471349002716BD /* YellowViewController.swift in Sources */ = {isa = PBXBuildFile; fileRef = 2C648B7925471349002716BD /* YellowViewController.swift */; };
		2C648B7C25471354002716BD /* GreenViewController.swift in Sources */ = {isa = PBXBuildFile; fileRef = 2C648B7B25471354002716BD /* GreenViewController.swift */; };
		2C648B7E2547135C002716BD /* BlueViewController.swift in Sources */ = {isa = PBXBuildFile; fileRef = 2C648B7D2547135C002716BD /* BlueViewController.swift */; };
		2C648B8025471383002716BD /* PurpleViewController.swift in Sources */ = {isa = PBXBuildFile; fileRef = 2C648B7F25471383002716BD /* PurpleViewController.swift */; };
/* End PBXBuildFile section */

/* Begin PBXFileReference section */
		2C5EF3602545E197009F99D4 /* RainbowTabs.app */ = {isa = PBXFileReference; explicitFileType = wrapper.application; includeInIndex = 0; path = RainbowTabs.app; sourceTree = BUILT_PRODUCTS_DIR; };
		2C5EF3632545E197009F99D4 /* AppDelegate.swift */ = {isa = PBXFileReference; lastKnownFileType = sourcecode.swift; path = AppDelegate.swift; sourceTree = "<group>"; };
		2C5EF3652545E197009F99D4 /* SceneDelegate.swift */ = {isa = PBXFileReference; lastKnownFileType = sourcecode.swift; path = SceneDelegate.swift; sourceTree = "<group>"; };
		2C5EF3672545E197009F99D4 /* RedViewController.swift */ = {isa = PBXFileReference; lastKnownFileType = sourcecode.swift; path = RedViewController.swift; sourceTree = "<group>"; };
		2C5EF36A2545E197009F99D4 /* Base */ = {isa = PBXFileReference; lastKnownFileType = file.storyboard; name = Base; path = Base.lproj/Main.storyboard; sourceTree = "<group>"; };
		2C5EF36C2545E19E009F99D4 /* Assets.xcassets */ = {isa = PBXFileReference; lastKnownFileType = folder.assetcatalog; path = Assets.xcassets; sourceTree = "<group>"; };
		2C5EF36F2545E19E009F99D4 /* Base */ = {isa = PBXFileReference; lastKnownFileType = file.storyboard; name = Base; path = Base.lproj/LaunchScreen.storyboard; sourceTree = "<group>"; };
		2C5EF3712545E19E009F99D4 /* Info.plist */ = {isa = PBXFileReference; lastKnownFileType = text.plist.xml; path = Info.plist; sourceTree = "<group>"; };
		2C648B77254712CE002716BD /* OrangeViewController.swift */ = {isa = PBXFileReference; lastKnownFileType = sourcecode.swift; path = OrangeViewController.swift; sourceTree = "<group>"; };
		2C648B7925471349002716BD /* YellowViewController.swift */ = {isa = PBXFileReference; lastKnownFileType = sourcecode.swift; path = YellowViewController.swift; sourceTree = "<group>"; };
		2C648B7B25471354002716BD /* GreenViewController.swift */ = {isa = PBXFileReference; lastKnownFileType = sourcecode.swift; path = GreenViewController.swift; sourceTree = "<group>"; };
		2C648B7D2547135C002716BD /* BlueViewController.swift */ = {isa = PBXFileReference; lastKnownFileType = sourcecode.swift; path = BlueViewController.swift; sourceTree = "<group>"; };
		2C648B7F25471383002716BD /* PurpleViewController.swift */ = {isa = PBXFileReference; lastKnownFileType = sourcecode.swift; path = PurpleViewController.swift; sourceTree = "<group>"; };
/* End PBXFileReference section */

/* Begin PBXFrameworksBuildPhase section */
		2C5EF35D2545E197009F99D4 /* Frameworks */ = {
			isa = PBXFrameworksBuildPhase;
			buildActionMask = 2147483647;
			files = (
			);
			runOnlyForDeploymentPostprocessing = 0;
		};
/* End PBXFrameworksBuildPhase section */

/* Begin PBXGroup section */
		2C5EF3572545E197009F99D4 = {
			isa = PBXGroup;
			children = (
				2C5EF3622545E197009F99D4 /* RainbowTabs */,
				2C5EF3612545E197009F99D4 /* Products */,
			);
			sourceTree = "<group>";
		};
		2C5EF3612545E197009F99D4 /* Products */ = {
			isa = PBXGroup;
			children = (
				2C5EF3602545E197009F99D4 /* RainbowTabs.app */,
			);
			name = Products;
			sourceTree = "<group>";
		};
		2C5EF3622545E197009F99D4 /* RainbowTabs */ = {
			isa = PBXGroup;
			children = (
				2C5EF3632545E197009F99D4 /* AppDelegate.swift */,
				2C5EF3652545E197009F99D4 /* SceneDelegate.swift */,
				2C5EF3672545E197009F99D4 /* RedViewController.swift */,
				2C648B77254712CE002716BD /* OrangeViewController.swift */,
				2C5EF3692545E197009F99D4 /* Main.storyboard */,
				2C648B7F25471383002716BD /* PurpleViewController.swift */,
				2C648B7925471349002716BD /* YellowViewController.swift */,
				2C648B7B25471354002716BD /* GreenViewController.swift */,
				2C648B7D2547135C002716BD /* BlueViewController.swift */,
				2C5EF36C2545E19E009F99D4 /* Assets.xcassets */,
				2C5EF36E2545E19E009F99D4 /* LaunchScreen.storyboard */,
				2C5EF3712545E19E009F99D4 /* Info.plist */,
			);
			path = RainbowTabs;
			sourceTree = "<group>";
		};
/* End PBXGroup section */

/* Begin PBXNativeTarget section */
		2C5EF35F2545E197009F99D4 /* RainbowTabs */ = {
			isa = PBXNativeTarget;
			buildConfigurationList = 2C5EF3742545E19E009F99D4 /* Build configuration list for PBXNativeTarget "RainbowTabs" */;
			buildPhases = (
				2C5EF35C2545E197009F99D4 /* Sources */,
				2C5EF35D2545E197009F99D4 /* Frameworks */,
				2C5EF35E2545E197009F99D4 /* Resources */,
			);
			buildRules = (
			);
			dependencies = (
			);
			name = RainbowTabs;
			productName = RainbowTabs;
			productReference = 2C5EF3602545E197009F99D4 /* RainbowTabs.app */;
			productType = "com.apple.product-type.application";
		};
/* End PBXNativeTarget section */

/* Begin PBXProject section */
		2C5EF3582545E197009F99D4 /* Project object */ = {
			isa = PBXProject;
			attributes = {
				LastSwiftUpdateCheck = 1130;
				LastUpgradeCheck = 1130;
				ORGANIZATIONNAME = "Mansur Nasybullin";
				TargetAttributes = {
					2C5EF35F2545E197009F99D4 = {
						CreatedOnToolsVersion = 11.3.1;
					};
				};
			};
			buildConfigurationList = 2C5EF35B2545E197009F99D4 /* Build configuration list for PBXProject "RainbowTabs" */;
			compatibilityVersion = "Xcode 9.3";
			developmentRegion = en;
			hasScannedForEncodings = 0;
			knownRegions = (
				en,
				Base,
			);
			mainGroup = 2C5EF3572545E197009F99D4;
			productRefGroup = 2C5EF3612545E197009F99D4 /* Products */;
			projectDirPath = "";
			projectRoot = "";
			targets = (
				2C5EF35F2545E197009F99D4 /* RainbowTabs */,
			);
		};
/* End PBXProject section */

/* Begin PBXResourcesBuildPhase section */
		2C5EF35E2545E197009F99D4 /* Resources */ = {
			isa = PBXResourcesBuildPhase;
			buildActionMask = 2147483647;
			files = (
				2C5EF3702545E19E009F99D4 /* LaunchScreen.storyboard in Resources */,
				2C5EF36D2545E19E009F99D4 /* Assets.xcassets in Resources */,
				2C5EF36B2545E197009F99D4 /* Main.storyboard in Resources */,
			);
			runOnlyForDeploymentPostprocessing = 0;
		};
/* End PBXResourcesBuildPhase section */

/* Begin PBXSourcesBuildPhase section */
		2C5EF35C2545E197009F99D4 /* Sources */ = {
			isa = PBXSourcesBuildPhase;
			buildActionMask = 2147483647;
			files = (
				2C648B7C25471354002716BD /* GreenViewController.swift in Sources */,
				2C648B78254712CE002716BD /* OrangeViewController.swift in Sources */,
				2C5EF3682545E197009F99D4 /* RedViewController.swift in Sources */,
				2C5EF3642545E197009F99D4 /* AppDelegate.swift in Sources */,
				2C648B8025471383002716BD /* PurpleViewController.swift in Sources */,
				2C5EF3662545E197009F99D4 /* SceneDelegate.swift in Sources */,
				2C648B7A25471349002716BD /* YellowViewController.swift in Sources */,
				2C648B7E2547135C002716BD /* BlueViewController.swift in Sources */,
			);
			runOnlyForDeploymentPostprocessing = 0;
		};
/* End PBXSourcesBuildPhase section */

/* Begin PBXVariantGroup section */
		2C5EF3692545E197009F99D4 /* Main.storyboard */ = {
			isa = PBXVariantGroup;
			children = (
				2C5EF36A2545E197009F99D4 /* Base */,
			);
			name = Main.storyboard;
			sourceTree = "<group>";
		};
		2C5EF36E2545E19E009F99D4 /* LaunchScreen.storyboard */ = {
			isa = PBXVariantGroup;
			children = (
				2C5EF36F2545E19E009F99D4 /* Base */,
			);
			name = LaunchScreen.storyboard;
			sourceTree = "<group>";
		};
/* End PBXVariantGroup section */

/* Begin XCBuildConfiguration section */
		2C5EF3722545E19E009F99D4 /* Debug */ = {
			isa = XCBuildConfiguration;
			buildSettings = {
				ALWAYS_SEARCH_USER_PATHS = NO;
				CLANG_ANALYZER_NONNULL = YES;
				CLANG_ANALYZER_NUMBER_OBJECT_CONVERSION = YES_AGGRESSIVE;
				CLANG_CXX_LANGUAGE_STANDARD = "gnu++14";
				CLANG_CXX_LIBRARY = "libc++";
				CLANG_ENABLE_MODULES = YES;
				CLANG_ENABLE_OBJC_ARC = YES;
				CLANG_ENABLE_OBJC_WEAK = YES;
				CLANG_WARN_BLOCK_CAPTURE_AUTORELEASING = YES;
				CLANG_WARN_BOOL_CONVERSION = YES;
				CLANG_WARN_COMMA = YES;
				CLANG_WARN_CONSTANT_CONVERSION = YES;
				CLANG_WARN_DEPRECATED_OBJC_IMPLEMENTATIONS = YES;
				CLANG_WARN_DIRECT_OBJC_ISA_USAGE = YES_ERROR;
				CLANG_WARN_DOCUMENTATION_COMMENTS = YES;
				CLANG_WARN_EMPTY_BODY = YES;
				CLANG_WARN_ENUM_CONVERSION = YES;
				CLANG_WARN_INFINITE_RECURSION = YES;
				CLANG_WARN_INT_CONVERSION = YES;
				CLANG_WARN_NON_LITERAL_NULL_CONVERSION = YES;
				CLANG_WARN_OBJC_IMPLICIT_RETAIN_SELF = YES;
				CLANG_WARN_OBJC_LITERAL_CONVERSION = YES;
				CLANG_WARN_OBJC_ROOT_CLASS = YES_ERROR;
				CLANG_WARN_RANGE_LOOP_ANALYSIS = YES;
				CLANG_WARN_STRICT_PROTOTYPES = YES;
				CLANG_WARN_SUSPICIOUS_MOVE = YES;
				CLANG_WARN_UNGUARDED_AVAILABILITY = YES_AGGRESSIVE;
				CLANG_WARN_UNREACHABLE_CODE = YES;
				CLANG_WARN__DUPLICATE_METHOD_MATCH = YES;
				COPY_PHASE_STRIP = NO;
				DEBUG_INFORMATION_FORMAT = dwarf;
				ENABLE_STRICT_OBJC_MSGSEND = YES;
				ENABLE_TESTABILITY = YES;
				GCC_C_LANGUAGE_STANDARD = gnu11;
				GCC_DYNAMIC_NO_PIC = NO;
				GCC_NO_COMMON_BLOCKS = YES;
				GCC_OPTIMIZATION_LEVEL = 0;
				GCC_PREPROCESSOR_DEFINITIONS = (
					"DEBUG=1",
					"$(inherited)",
				);
				GCC_WARN_64_TO_32_BIT_CONVERSION = YES;
				GCC_WARN_ABOUT_RETURN_TYPE = YES_ERROR;
				GCC_WARN_UNDECLARED_SELECTOR = YES;
				GCC_WARN_UNINITIALIZED_AUTOS = YES_AGGRESSIVE;
				GCC_WARN_UNUSED_FUNCTION = YES;
				GCC_WARN_UNUSED_VARIABLE = YES;
				IPHONEOS_DEPLOYMENT_TARGET = 13.2;
				MTL_ENABLE_DEBUG_INFO = INCLUDE_SOURCE;
				MTL_FAST_MATH = YES;
				ONLY_ACTIVE_ARCH = YES;
				SDKROOT = iphoneos;
				SWIFT_ACTIVE_COMPILATION_CONDITIONS = DEBUG;
				SWIFT_OPTIMIZATION_LEVEL = "-Onone";
			};
			name = Debug;
		};
		2C5EF3732545E19E009F99D4 /* Release */ = {
			isa = XCBuildConfiguration;
			buildSettings = {
				ALWAYS_SEARCH_USER_PATHS = NO;
				CLANG_ANALYZER_NONNULL = YES;
				CLANG_ANALYZER_NUMBER_OBJECT_CONVERSION = YES_AGGRESSIVE;
				CLANG_CXX_LANGUAGE_STANDARD = "gnu++14";
				CLANG_CXX_LIBRARY = "libc++";
				CLANG_ENABLE_MODULES = YES;
				CLANG_ENABLE_OBJC_ARC = YES;
				CLANG_ENABLE_OBJC_WEAK = YES;
				CLANG_WARN_BLOCK_CAPTURE_AUTORELEASING = YES;
				CLANG_WARN_BOOL_CONVERSION = YES;
				CLANG_WARN_COMMA = YES;
				CLANG_WARN_CONSTANT_CONVERSION = YES;
				CLANG_WARN_DEPRECATED_OBJC_IMPLEMENTATIONS = YES;
				CLANG_WARN_DIRECT_OBJC_ISA_USAGE = YES_ERROR;
				CLANG_WARN_DOCUMENTATION_COMMENTS = YES;
				CLANG_WARN_EMPTY_BODY = YES;
				CLANG_WARN_ENUM_CONVERSION = YES;
				CLANG_WARN_INFINITE_RECURSION = YES;
				CLANG_WARN_INT_CONVERSION = YES;
				CLANG_WARN_NON_LITERAL_NULL_CONVERSION = YES;
				CLANG_WARN_OBJC_IMPLICIT_RETAIN_SELF = YES;
				CLANG_WARN_OBJC_LITERAL_CONVERSION = YES;
				CLANG_WARN_OBJC_ROOT_CLASS = YES_ERROR;
				CLANG_WARN_RANGE_LOOP_ANALYSIS = YES;
				CLANG_WARN_STRICT_PROTOTYPES = YES;
				CLANG_WARN_SUSPICIOUS_MOVE = YES;
				CLANG_WARN_UNGUARDED_AVAILABILITY = YES_AGGRESSIVE;
				CLANG_WARN_UNREACHABLE_CODE = YES;
				CLANG_WARN__DUPLICATE_METHOD_MATCH = YES;
				COPY_PHASE_STRIP = NO;
				DEBUG_INFORMATION_FORMAT = "dwarf-with-dsym";
				ENABLE_NS_ASSERTIONS = NO;
				ENABLE_STRICT_OBJC_MSGSEND = YES;
				GCC_C_LANGUAGE_STANDARD = gnu11;
				GCC_NO_COMMON_BLOCKS = YES;
				GCC_WARN_64_TO_32_BIT_CONVERSION = YES;
				GCC_WARN_ABOUT_RETURN_TYPE = YES_ERROR;
				GCC_WARN_UNDECLARED_SELECTOR = YES;
				GCC_WARN_UNINITIALIZED_AUTOS = YES_AGGRESSIVE;
				GCC_WARN_UNUSED_FUNCTION = YES;
				GCC_WARN_UNUSED_VARIABLE = YES;
				IPHONEOS_DEPLOYMENT_TARGET = 13.2;
				MTL_ENABLE_DEBUG_INFO = NO;
				MTL_FAST_MATH = YES;
				SDKROOT = iphoneos;
				SWIFT_COMPILATION_MODE = wholemodule;
				SWIFT_OPTIMIZATION_LEVEL = "-O";
				VALIDATE_PRODUCT = YES;
			};
			name = Release;
		};
		2C5EF3752545E19E009F99D4 /* Debug */ = {
			isa = XCBuildConfiguration;
			buildSettings = {
				ASSETCATALOG_COMPILER_APPICON_NAME = AppIcon;
				CODE_SIGN_STYLE = Automatic;
				DEVELOPMENT_TEAM = ZQ774W5T35;
				INFOPLIST_FILE = RainbowTabs/Info.plist;
				LD_RUNPATH_SEARCH_PATHS = (
					"$(inherited)",
					"@executable_path/Frameworks",
				);
				PRODUCT_BUNDLE_IDENTIFIER = com.example.RainbowTabs;
				PRODUCT_NAME = "$(TARGET_NAME)";
				SWIFT_VERSION = 5.0;
				TARGETED_DEVICE_FAMILY = "1,2";
			};
			name = Debug;
		};
		2C5EF3762545E19E009F99D4 /* Release */ = {
			isa = XCBuildConfiguration;
			buildSettings = {
				ASSETCATALOG_COMPILER_APPICON_NAME = AppIcon;
				CODE_SIGN_STYLE = Automatic;
				DEVELOPMENT_TEAM = ZQ774W5T35;
				INFOPLIST_FILE = RainbowTabs/Info.plist;
				LD_RUNPATH_SEARCH_PATHS = (
					"$(inherited)",
					"@executable_path/Frameworks",
				);
				PRODUCT_BUNDLE_IDENTIFIER = com.example.RainbowTabs;
				PRODUCT_NAME = "$(TARGET_NAME)";
				SWIFT_VERSION = 5.0;
				TARGETED_DEVICE_FAMILY = "1,2";
			};
			name = Release;
		};
/* End XCBuildConfiguration section */

/* Begin XCConfigurationList section */
		2C5EF35B2545E197009F99D4 /* Build configuration list for PBXProject "RainbowTabs" */ = {
			isa = XCConfigurationList;
			buildConfigurations = (
				2C5EF3722545E19E009F99D4 /* Debug */,
				2C5EF3732545E19E009F99D4 /* Release */,
			);
			defaultConfigurationIsVisible = 0;
			defaultConfigurationName = Release;
		};
		2C5EF3742545E19E009F99D4 /* Build configuration list for PBXNativeTarget "RainbowTabs" */ = {
			isa = XCConfigurationList;
			buildConfigurations = (
				2C5EF3752545E19E009F99D4 /* Debug */,
				2C5EF3762545E19E009F99D4 /* Release */,
			);
			defaultConfigurationIsVisible = 0;
			defaultConfigurationName = Release;
		};
/* End XCConfigurationList section */
	};
	rootObject = 2C5EF3582545E197009F99D4 /* Project object */;
}
